// !$*UTF8*$!
{
	archiveVersion = 1;
	classes = {
	};
	objectVersion = 56;
	objects = {

/* Begin PBXBuildFile section */
		D080B7D72A23E75B00E6B86C /* Hole.swift in Sources */ = {isa = PBXBuildFile; fileRef = D080B7D62A23E75B00E6B86C /* Hole.swift */; };
		D080B7D92A258E4400E6B86C /* ResultsView.swift in Sources */ = {isa = PBXBuildFile; fileRef = D080B7D82A258E4400E6B86C /* ResultsView.swift */; };
		D0BE3B82295CD7F9006DEBE0 /* BirdifyApp.swift in Sources */ = {isa = PBXBuildFile; fileRef = D0BE3B81295CD7F9006DEBE0 /* BirdifyApp.swift */; };
		D0BE3B84295CD7F9006DEBE0 /* ContentView.swift in Sources */ = {isa = PBXBuildFile; fileRef = D0BE3B83295CD7F9006DEBE0 /* ContentView.swift */; };
		D0BE3B86295CD7FA006DEBE0 /* Assets.xcassets in Resources */ = {isa = PBXBuildFile; fileRef = D0BE3B85295CD7FA006DEBE0 /* Assets.xcassets */; };
		D0BE3B89295CD7FA006DEBE0 /* Preview Assets.xcassets in Resources */ = {isa = PBXBuildFile; fileRef = D0BE3B88295CD7FA006DEBE0 /* Preview Assets.xcassets */; };
		D0C49E9329DA0FAE00A3719B /* Course.swift in Sources */ = {isa = PBXBuildFile; fileRef = D0C49E9229DA0FAE00A3719B /* Course.swift */; };
		D0C49E9529DA14EA00A3719B /* AddCourse.swift in Sources */ = {isa = PBXBuildFile; fileRef = D0C49E9429DA14EA00A3719B /* AddCourse.swift */; };
		D0C7EDDF29A8577B005B99A1 /* MainMenuView.swift in Sources */ = {isa = PBXBuildFile; fileRef = D0C7EDDE29A8577B005B99A1 /* MainMenuView.swift */; };
		D0C7EDE829A9CAF9005B99A1 /* AddGolferView.swift in Sources */ = {isa = PBXBuildFile; fileRef = D0C7EDE729A9CAF9005B99A1 /* AddGolferView.swift */; };
		D0C7EDF129ADA32D005B99A1 /* GolfGameViewModel.swift in Sources */ = {isa = PBXBuildFile; fileRef = D0C7EDF029ADA32D005B99A1 /* GolfGameViewModel.swift */; };
		D0C7EDF329AF0AF9005B99A1 /* Golfer.swift in Sources */ = {isa = PBXBuildFile; fileRef = D0C7EDF229AF0AF9005B99A1 /* Golfer.swift */; };
		D0C7EDF729B1A753005B99A1 /* TrackScoreView.swift in Sources */ = {isa = PBXBuildFile; fileRef = D0C7EDF629B1A753005B99A1 /* TrackScoreView.swift */; };
		D0EEA4C82AAC226700B400AF /* AddGolferButton.swift in Sources */ = {isa = PBXBuildFile; fileRef = D0EEA4C72AAC226700B400AF /* AddGolferButton.swift */; };
		D0EEA4CA2AAC23BE00B400AF /* AddCourseButton.swift in Sources */ = {isa = PBXBuildFile; fileRef = D0EEA4C92AAC23BE00B400AF /* AddCourseButton.swift */; };
/* End PBXBuildFile section */

/* Begin PBXFileReference section */
		D080B7D62A23E75B00E6B86C /* Hole.swift */ = {isa = PBXFileReference; lastKnownFileType = sourcecode.swift; path = Hole.swift; sourceTree = "<group>"; };
		D080B7D82A258E4400E6B86C /* ResultsView.swift */ = {isa = PBXFileReference; lastKnownFileType = sourcecode.swift; path = ResultsView.swift; sourceTree = "<group>"; };
		D0BE3B7E295CD7F9006DEBE0 /* Birdify.app */ = {isa = PBXFileReference; explicitFileType = wrapper.application; includeInIndex = 0; path = Birdify.app; sourceTree = BUILT_PRODUCTS_DIR; };
		D0BE3B81295CD7F9006DEBE0 /* BirdifyApp.swift */ = {isa = PBXFileReference; lastKnownFileType = sourcecode.swift; path = BirdifyApp.swift; sourceTree = "<group>"; };
		D0BE3B83295CD7F9006DEBE0 /* ContentView.swift */ = {isa = PBXFileReference; lastKnownFileType = sourcecode.swift; path = ContentView.swift; sourceTree = "<group>"; };
		D0BE3B85295CD7FA006DEBE0 /* Assets.xcassets */ = {isa = PBXFileReference; lastKnownFileType = folder.assetcatalog; path = Assets.xcassets; sourceTree = "<group>"; };
		D0BE3B88295CD7FA006DEBE0 /* Preview Assets.xcassets */ = {isa = PBXFileReference; lastKnownFileType = folder.assetcatalog; path = "Preview Assets.xcassets"; sourceTree = "<group>"; };
		D0C49E9229DA0FAE00A3719B /* Course.swift */ = {isa = PBXFileReference; lastKnownFileType = sourcecode.swift; path = Course.swift; sourceTree = "<group>"; };
		D0C49E9429DA14EA00A3719B /* AddCourse.swift */ = {isa = PBXFileReference; lastKnownFileType = sourcecode.swift; path = AddCourse.swift; sourceTree = "<group>"; };
		D0C7EDDE29A8577B005B99A1 /* MainMenuView.swift */ = {isa = PBXFileReference; lastKnownFileType = sourcecode.swift; path = MainMenuView.swift; sourceTree = "<group>"; };
		D0C7EDE729A9CAF9005B99A1 /* AddGolferView.swift */ = {isa = PBXFileReference; lastKnownFileType = sourcecode.swift; path = AddGolferView.swift; sourceTree = "<group>"; };
		D0C7EDEB29A9D13D005B99A1 /* Info.plist */ = {isa = PBXFileReference; lastKnownFileType = text.plist.xml; path = Info.plist; sourceTree = "<group>"; };
		D0C7EDF029ADA32D005B99A1 /* GolfGameViewModel.swift */ = {isa = PBXFileReference; lastKnownFileType = sourcecode.swift; path = GolfGameViewModel.swift; sourceTree = "<group>"; };
		D0C7EDF229AF0AF9005B99A1 /* Golfer.swift */ = {isa = PBXFileReference; lastKnownFileType = sourcecode.swift; path = Golfer.swift; sourceTree = "<group>"; };
		D0C7EDF629B1A753005B99A1 /* TrackScoreView.swift */ = {isa = PBXFileReference; lastKnownFileType = sourcecode.swift; path = TrackScoreView.swift; sourceTree = "<group>"; };
		D0EEA4C72AAC226700B400AF /* AddGolferButton.swift */ = {isa = PBXFileReference; lastKnownFileType = sourcecode.swift; path = AddGolferButton.swift; sourceTree = "<group>"; };
		D0EEA4C92AAC23BE00B400AF /* AddCourseButton.swift */ = {isa = PBXFileReference; lastKnownFileType = sourcecode.swift; path = AddCourseButton.swift; sourceTree = "<group>"; };
/* End PBXFileReference section */

/* Begin PBXFrameworksBuildPhase section */
		D0BE3B7B295CD7F9006DEBE0 /* Frameworks */ = {
			isa = PBXFrameworksBuildPhase;
			buildActionMask = 2147483647;
			files = (
			);
			runOnlyForDeploymentPostprocessing = 0;
		};
/* End PBXFrameworksBuildPhase section */

/* Begin PBXGroup section */
		D0BE3B75295CD7F9006DEBE0 = {
			isa = PBXGroup;
			children = (
				D0C7EDEB29A9D13D005B99A1 /* Info.plist */,
				D0BE3B80295CD7F9006DEBE0 /* Birdify */,
				D0BE3B7F295CD7F9006DEBE0 /* Products */,
			);
			sourceTree = "<group>";
		};
		D0BE3B7F295CD7F9006DEBE0 /* Products */ = {
			isa = PBXGroup;
			children = (
				D0BE3B7E295CD7F9006DEBE0 /* Birdify.app */,
			);
			name = Products;
			sourceTree = "<group>";
		};
		D0BE3B80295CD7F9006DEBE0 /* Birdify */ = {
			isa = PBXGroup;
			children = (
				D0C7EDED29AD9F80005B99A1 /* ViewModels */,
				D0C7EDE029A857CE005B99A1 /* Models */,
				D0C7EDDD29A8575E005B99A1 /* Views */,
				D0BE3B81295CD7F9006DEBE0 /* BirdifyApp.swift */,
				D0BE3B83295CD7F9006DEBE0 /* ContentView.swift */,
				D0BE3B85295CD7FA006DEBE0 /* Assets.xcassets */,
				D0BE3B87295CD7FA006DEBE0 /* Preview Content */,
			);
			path = Birdify;
			sourceTree = "<group>";
		};
		D0BE3B87295CD7FA006DEBE0 /* Preview Content */ = {
			isa = PBXGroup;
			children = (
				D0BE3B88295CD7FA006DEBE0 /* Preview Assets.xcassets */,
			);
			path = "Preview Content";
			sourceTree = "<group>";
		};
		D0C7EDDD29A8575E005B99A1 /* Views */ = {
			isa = PBXGroup;
			children = (
				D0EEA4CB2AACD64900B400AF /* TrackScore */,
				D0C7EDDE29A8577B005B99A1 /* MainMenuView.swift */,
				D0EEA4C92AAC23BE00B400AF /* AddCourseButton.swift */,
				D0EEA4C72AAC226700B400AF /* AddGolferButton.swift */,
				D0C7EDE729A9CAF9005B99A1 /* AddGolferView.swift */,
				D0C49E9429DA14EA00A3719B /* AddCourse.swift */,
				D080B7D82A258E4400E6B86C /* ResultsView.swift */,
			);
			path = Views;
			sourceTree = "<group>";
		};
		D0C7EDE029A857CE005B99A1 /* Models */ = {
			isa = PBXGroup;
			children = (
				D0C7EDF229AF0AF9005B99A1 /* Golfer.swift */,
				D080B7D62A23E75B00E6B86C /* Hole.swift */,
				D0C49E9229DA0FAE00A3719B /* Course.swift */,
			);
			path = Models;
			sourceTree = "<group>";
		};
		D0C7EDED29AD9F80005B99A1 /* ViewModels */ = {
			isa = PBXGroup;
			children = (
				D0C7EDF029ADA32D005B99A1 /* GolfGameViewModel.swift */,
			);
			path = ViewModels;
			sourceTree = "<group>";
		};
		D0EEA4CB2AACD64900B400AF /* TrackScore */ = {
			isa = PBXGroup;
			children = (
				D0C7EDF629B1A753005B99A1 /* TrackScoreView.swift */,
			);
			path = TrackScore;
			sourceTree = "<group>";
		};
/* End PBXGroup section */

/* Begin PBXNativeTarget section */
		D0BE3B7D295CD7F9006DEBE0 /* Birdify */ = {
			isa = PBXNativeTarget;
			buildConfigurationList = D0BE3B8C295CD7FA006DEBE0 /* Build configuration list for PBXNativeTarget "Birdify" */;
			buildPhases = (
				D0BE3B7A295CD7F9006DEBE0 /* Sources */,
				D0BE3B7B295CD7F9006DEBE0 /* Frameworks */,
				D0BE3B7C295CD7F9006DEBE0 /* Resources */,
			);
			buildRules = (
			);
			dependencies = (
			);
			name = Birdify;
			productName = Birdify;
			productReference = D0BE3B7E295CD7F9006DEBE0 /* Birdify.app */;
			productType = "com.apple.product-type.application";
		};
/* End PBXNativeTarget section */

/* Begin PBXProject section */
		D0BE3B76295CD7F9006DEBE0 /* Project object */ = {
			isa = PBXProject;
			attributes = {
				BuildIndependentTargetsInParallel = 1;
				LastSwiftUpdateCheck = 1420;
				LastUpgradeCheck = 1420;
				TargetAttributes = {
					D0BE3B7D295CD7F9006DEBE0 = {
						CreatedOnToolsVersion = 14.2;
					};
				};
			};
			buildConfigurationList = D0BE3B79295CD7F9006DEBE0 /* Build configuration list for PBXProject "Birdify" */;
			compatibilityVersion = "Xcode 14.0";
			developmentRegion = en;
			hasScannedForEncodings = 0;
			knownRegions = (
				en,
				Base,
			);
			mainGroup = D0BE3B75295CD7F9006DEBE0;
			productRefGroup = D0BE3B7F295CD7F9006DEBE0 /* Products */;
			projectDirPath = "";
			projectRoot = "";
			targets = (
				D0BE3B7D295CD7F9006DEBE0 /* Birdify */,
			);
		};
/* End PBXProject section */

/* Begin PBXResourcesBuildPhase section */
		D0BE3B7C295CD7F9006DEBE0 /* Resources */ = {
			isa = PBXResourcesBuildPhase;
			buildActionMask = 2147483647;
			files = (
				D0BE3B89295CD7FA006DEBE0 /* Preview Assets.xcassets in Resources */,
				D0BE3B86295CD7FA006DEBE0 /* Assets.xcassets in Resources */,
			);
			runOnlyForDeploymentPostprocessing = 0;
		};
/* End PBXResourcesBuildPhase section */

/* Begin PBXSourcesBuildPhase section */
		D0BE3B7A295CD7F9006DEBE0 /* Sources */ = {
			isa = PBXSourcesBuildPhase;
			buildActionMask = 2147483647;
			files = (
				D0C49E9329DA0FAE00A3719B /* Course.swift in Sources */,
				D0C7EDF729B1A753005B99A1 /* TrackScoreView.swift in Sources */,
				D0C49E9529DA14EA00A3719B /* AddCourse.swift in Sources */,
				D0EEA4CA2AAC23BE00B400AF /* AddCourseButton.swift in Sources */,
				D0C7EDDF29A8577B005B99A1 /* MainMenuView.swift in Sources */,
				D0EEA4C82AAC226700B400AF /* AddGolferButton.swift in Sources */,
				D0C7EDE829A9CAF9005B99A1 /* AddGolferView.swift in Sources */,
				D080B7D92A258E4400E6B86C /* ResultsView.swift in Sources */,
				D0C7EDF129ADA32D005B99A1 /* GolfGameViewModel.swift in Sources */,
				D0C7EDF329AF0AF9005B99A1 /* Golfer.swift in Sources */,
				D080B7D72A23E75B00E6B86C /* Hole.swift in Sources */,
				D0BE3B84295CD7F9006DEBE0 /* ContentView.swift in Sources */,
				D0BE3B82295CD7F9006DEBE0 /* BirdifyApp.swift in Sources */,
			);
			runOnlyForDeploymentPostprocessing = 0;
		};
/* End PBXSourcesBuildPhase section */

/* Begin XCBuildConfiguration section */
		D0BE3B8A295CD7FA006DEBE0 /* Debug */ = {
			isa = XCBuildConfiguration;
			buildSettings = {
				ALWAYS_SEARCH_USER_PATHS = NO;
				CLANG_ANALYZER_NONNULL = YES;
				CLANG_ANALYZER_NUMBER_OBJECT_CONVERSION = YES_AGGRESSIVE;
				CLANG_CXX_LANGUAGE_STANDARD = "gnu++20";
				CLANG_ENABLE_MODULES = YES;
				CLANG_ENABLE_OBJC_ARC = YES;
				CLANG_ENABLE_OBJC_WEAK = YES;
				CLANG_WARN_BLOCK_CAPTURE_AUTORELEASING = YES;
				CLANG_WARN_BOOL_CONVERSION = YES;
				CLANG_WARN_COMMA = YES;
				CLANG_WARN_CONSTANT_CONVERSION = YES;
				CLANG_WARN_DEPRECATED_OBJC_IMPLEMENTATIONS = YES;
				CLANG_WARN_DIRECT_OBJC_ISA_USAGE = YES_ERROR;
				CLANG_WARN_DOCUMENTATION_COMMENTS = YES;
				CLANG_WARN_EMPTY_BODY = YES;
				CLANG_WARN_ENUM_CONVERSION = YES;
				CLANG_WARN_INFINITE_RECURSION = YES;
				CLANG_WARN_INT_CONVERSION = YES;
				CLANG_WARN_NON_LITERAL_NULL_CONVERSION = YES;
				CLANG_WARN_OBJC_IMPLICIT_RETAIN_SELF = YES;
				CLANG_WARN_OBJC_LITERAL_CONVERSION = YES;
				CLANG_WARN_OBJC_ROOT_CLASS = YES_ERROR;
				CLANG_WARN_QUOTED_INCLUDE_IN_FRAMEWORK_HEADER = YES;
				CLANG_WARN_RANGE_LOOP_ANALYSIS = YES;
				CLANG_WARN_STRICT_PROTOTYPES = YES;
				CLANG_WARN_SUSPICIOUS_MOVE = YES;
				CLANG_WARN_UNGUARDED_AVAILABILITY = YES_AGGRESSIVE;
				CLANG_WARN_UNREACHABLE_CODE = YES;
				CLANG_WARN__DUPLICATE_METHOD_MATCH = YES;
				COPY_PHASE_STRIP = NO;
				DEBUG_INFORMATION_FORMAT = dwarf;
				ENABLE_STRICT_OBJC_MSGSEND = YES;
				ENABLE_TESTABILITY = YES;
				GCC_C_LANGUAGE_STANDARD = gnu11;
				GCC_DYNAMIC_NO_PIC = NO;
				GCC_NO_COMMON_BLOCKS = YES;
				GCC_OPTIMIZATION_LEVEL = 0;
				GCC_PREPROCESSOR_DEFINITIONS = (
					"DEBUG=1",
					"$(inherited)",
				);
				GCC_WARN_64_TO_32_BIT_CONVERSION = YES;
				GCC_WARN_ABOUT_RETURN_TYPE = YES_ERROR;
				GCC_WARN_UNDECLARED_SELECTOR = YES;
				GCC_WARN_UNINITIALIZED_AUTOS = YES_AGGRESSIVE;
				GCC_WARN_UNUSED_FUNCTION = YES;
				GCC_WARN_UNUSED_VARIABLE = YES;
				IPHONEOS_DEPLOYMENT_TARGET = 16.2;
				MTL_ENABLE_DEBUG_INFO = INCLUDE_SOURCE;
				MTL_FAST_MATH = YES;
				ONLY_ACTIVE_ARCH = YES;
				SDKROOT = iphoneos;
				SWIFT_ACTIVE_COMPILATION_CONDITIONS = DEBUG;
				SWIFT_OPTIMIZATION_LEVEL = "-Onone";
			};
			name = Debug;
		};
		D0BE3B8B295CD7FA006DEBE0 /* Release */ = {
			isa = XCBuildConfiguration;
			buildSettings = {
				ALWAYS_SEARCH_USER_PATHS = NO;
				CLANG_ANALYZER_NONNULL = YES;
				CLANG_ANALYZER_NUMBER_OBJECT_CONVERSION = YES_AGGRESSIVE;
				CLANG_CXX_LANGUAGE_STANDARD = "gnu++20";
				CLANG_ENABLE_MODULES = YES;
				CLANG_ENABLE_OBJC_ARC = YES;
				CLANG_ENABLE_OBJC_WEAK = YES;
				CLANG_WARN_BLOCK_CAPTURE_AUTORELEASING = YES;
				CLANG_WARN_BOOL_CONVERSION = YES;
				CLANG_WARN_COMMA = YES;
				CLANG_WARN_CONSTANT_CONVERSION = YES;
				CLANG_WARN_DEPRECATED_OBJC_IMPLEMENTATIONS = YES;
				CLANG_WARN_DIRECT_OBJC_ISA_USAGE = YES_ERROR;
				CLANG_WARN_DOCUMENTATION_COMMENTS = YES;
				CLANG_WARN_EMPTY_BODY = YES;
				CLANG_WARN_ENUM_CONVERSION = YES;
				CLANG_WARN_INFINITE_RECURSION = YES;
				CLANG_WARN_INT_CONVERSION = YES;
				CLANG_WARN_NON_LITERAL_NULL_CONVERSION = YES;
				CLANG_WARN_OBJC_IMPLICIT_RETAIN_SELF = YES;
				CLANG_WARN_OBJC_LITERAL_CONVERSION = YES;
				CLANG_WARN_OBJC_ROOT_CLASS = YES_ERROR;
				CLANG_WARN_QUOTED_INCLUDE_IN_FRAMEWORK_HEADER = YES;
				CLANG_WARN_RANGE_LOOP_ANALYSIS = YES;
				CLANG_WARN_STRICT_PROTOTYPES = YES;
				CLANG_WARN_SUSPICIOUS_MOVE = YES;
				CLANG_WARN_UNGUARDED_AVAILABILITY = YES_AGGRESSIVE;
				CLANG_WARN_UNREACHABLE_CODE = YES;
				CLANG_WARN__DUPLICATE_METHOD_MATCH = YES;
				COPY_PHASE_STRIP = NO;
				DEBUG_INFORMATION_FORMAT = "dwarf-with-dsym";
				ENABLE_NS_ASSERTIONS = NO;
				ENABLE_STRICT_OBJC_MSGSEND = YES;
				GCC_C_LANGUAGE_STANDARD = gnu11;
				GCC_NO_COMMON_BLOCKS = YES;
				GCC_WARN_64_TO_32_BIT_CONVERSION = YES;
				GCC_WARN_ABOUT_RETURN_TYPE = YES_ERROR;
				GCC_WARN_UNDECLARED_SELECTOR = YES;
				GCC_WARN_UNINITIALIZED_AUTOS = YES_AGGRESSIVE;
				GCC_WARN_UNUSED_FUNCTION = YES;
				GCC_WARN_UNUSED_VARIABLE = YES;
				IPHONEOS_DEPLOYMENT_TARGET = 16.2;
				MTL_ENABLE_DEBUG_INFO = NO;
				MTL_FAST_MATH = YES;
				SDKROOT = iphoneos;
				SWIFT_COMPILATION_MODE = wholemodule;
				SWIFT_OPTIMIZATION_LEVEL = "-O";
				VALIDATE_PRODUCT = YES;
			};
			name = Release;
		};
		D0BE3B8D295CD7FA006DEBE0 /* Debug */ = {
			isa = XCBuildConfiguration;
			buildSettings = {
				ASSETCATALOG_COMPILER_APPICON_NAME = AppIcon;
				ASSETCATALOG_COMPILER_GLOBAL_ACCENT_COLOR_NAME = AccentColor;
				CODE_SIGN_STYLE = Automatic;
				CURRENT_PROJECT_VERSION = 1;
				DEVELOPMENT_ASSET_PATHS = "\"Birdify/Preview Content\"";
				DEVELOPMENT_TEAM = 6YPSCYBP86;
				ENABLE_PREVIEWS = YES;
				GENERATE_INFOPLIST_FILE = YES;
				INFOPLIST_KEY_UIApplicationSceneManifest_Generation = YES;
				INFOPLIST_KEY_UIApplicationSupportsIndirectInputEvents = YES;
				INFOPLIST_KEY_UILaunchScreen_Generation = YES;
				INFOPLIST_KEY_UISupportedInterfaceOrientations_iPad = "UIInterfaceOrientationPortrait UIInterfaceOrientationPortraitUpsideDown UIInterfaceOrientationLandscapeLeft UIInterfaceOrientationLandscapeRight";
				INFOPLIST_KEY_UISupportedInterfaceOrientations_iPhone = "UIInterfaceOrientationPortrait UIInterfaceOrientationLandscapeLeft UIInterfaceOrientationLandscapeRight";
				IPHONEOS_DEPLOYMENT_TARGET = 16.0;
				LD_RUNPATH_SEARCH_PATHS = (
					"$(inherited)",
					"@executable_path/Frameworks",
				);
				MARKETING_VERSION = 1.0;
				PRODUCT_BUNDLE_IDENTIFIER = "Michael-Rudy.Birdify";
				PRODUCT_NAME = "$(TARGET_NAME)";
				SWIFT_EMIT_LOC_STRINGS = YES;
				SWIFT_VERSION = 5.0;
				TARGETED_DEVICE_FAMILY = "1,2";
			};
			name = Debug;
		};
		D0BE3B8E295CD7FA006DEBE0 /* Release */ = {
			isa = XCBuildConfiguration;
			buildSettings = {
				ASSETCATALOG_COMPILER_APPICON_NAME = AppIcon;
				ASSETCATALOG_COMPILER_GLOBAL_ACCENT_COLOR_NAME = AccentColor;
				CODE_SIGN_STYLE = Automatic;
				CURRENT_PROJECT_VERSION = 1;
				DEVELOPMENT_ASSET_PATHS = "\"Birdify/Preview Content\"";
				DEVELOPMENT_TEAM = 6YPSCYBP86;
				ENABLE_PREVIEWS = YES;
				GENERATE_INFOPLIST_FILE = YES;
				INFOPLIST_KEY_UIApplicationSceneManifest_Generation = YES;
				INFOPLIST_KEY_UIApplicationSupportsIndirectInputEvents = YES;
				INFOPLIST_KEY_UILaunchScreen_Generation = YES;
				INFOPLIST_KEY_UISupportedInterfaceOrientations_iPad = "UIInterfaceOrientationPortrait UIInterfaceOrientationPortraitUpsideDown UIInterfaceOrientationLandscapeLeft UIInterfaceOrientationLandscapeRight";
				INFOPLIST_KEY_UISupportedInterfaceOrientations_iPhone = "UIInterfaceOrientationPortrait UIInterfaceOrientationLandscapeLeft UIInterfaceOrientationLandscapeRight";
				IPHONEOS_DEPLOYMENT_TARGET = 16.0;
				LD_RUNPATH_SEARCH_PATHS = (
					"$(inherited)",
					"@executable_path/Frameworks",
				);
				MARKETING_VERSION = 1.0;
				PRODUCT_BUNDLE_IDENTIFIER = "Michael-Rudy.Birdify";
				PRODUCT_NAME = "$(TARGET_NAME)";
				SWIFT_EMIT_LOC_STRINGS = YES;
				SWIFT_VERSION = 5.0;
				TARGETED_DEVICE_FAMILY = "1,2";
			};
			name = Release;
		};
/* End XCBuildConfiguration section */

/* Begin XCConfigurationList section */
		D0BE3B79295CD7F9006DEBE0 /* Build configuration list for PBXProject "Birdify" */ = {
			isa = XCConfigurationList;
			buildConfigurations = (
				D0BE3B8A295CD7FA006DEBE0 /* Debug */,
				D0BE3B8B295CD7FA006DEBE0 /* Release */,
			);
			defaultConfigurationIsVisible = 0;
			defaultConfigurationName = Release;
		};
		D0BE3B8C295CD7FA006DEBE0 /* Build configuration list for PBXNativeTarget "Birdify" */ = {
			isa = XCConfigurationList;
			buildConfigurations = (
				D0BE3B8D295CD7FA006DEBE0 /* Debug */,
				D0BE3B8E295CD7FA006DEBE0 /* Release */,
			);
			defaultConfigurationIsVisible = 0;
			defaultConfigurationName = Release;
		};
/* End XCConfigurationList section */
	};
	rootObject = D0BE3B76295CD7F9006DEBE0 /* Project object */;
}
